// !$*UTF8*$!
{
	archiveVersion = 1;
	classes = {
	};
	objectVersion = 50;
	objects = {

/* Begin PBXBuildFile section */
		3D21396324A9D3670057BB18 /* AppDelegate.swift in Sources */ = {isa = PBXBuildFile; fileRef = 3D21396224A9D3670057BB18 /* AppDelegate.swift */; };
		3D21396524A9D3670057BB18 /* TabBarController.swift in Sources */ = {isa = PBXBuildFile; fileRef = 3D21396424A9D3670057BB18 /* TabBarController.swift */; };
		3D21396A24A9D36A0057BB18 /* Assets.xcassets in Resources */ = {isa = PBXBuildFile; fileRef = 3D21396924A9D36A0057BB18 /* Assets.xcassets */; };
		3D21396D24A9D36A0057BB18 /* LaunchScreen.storyboard in Resources */ = {isa = PBXBuildFile; fileRef = 3D21396B24A9D36A0057BB18 /* LaunchScreen.storyboard */; };
		3D21397E24A9D5D80057BB18 /* FirstViewController.swift in Sources */ = {isa = PBXBuildFile; fileRef = 3D21397C24A9D5D80057BB18 /* FirstViewController.swift */; };
		3D21397F24A9D5D80057BB18 /* FirstViewController.xib in Resources */ = {isa = PBXBuildFile; fileRef = 3D21397D24A9D5D80057BB18 /* FirstViewController.xib */; };
		3D21398224A9D5E10057BB18 /* SecondViewController.swift in Sources */ = {isa = PBXBuildFile; fileRef = 3D21398024A9D5E10057BB18 /* SecondViewController.swift */; };
		3D21398324A9D5E10057BB18 /* SecondViewController.xib in Resources */ = {isa = PBXBuildFile; fileRef = 3D21398124A9D5E10057BB18 /* SecondViewController.xib */; };
		3D21398624A9D5EC0057BB18 /* ThirdViewController.swift in Sources */ = {isa = PBXBuildFile; fileRef = 3D21398424A9D5EC0057BB18 /* ThirdViewController.swift */; };
		3D21398724A9D5EC0057BB18 /* ThirdViewController.xib in Resources */ = {isa = PBXBuildFile; fileRef = 3D21398524A9D5EC0057BB18 /* ThirdViewController.xib */; };
		3D21398A24A9D5F50057BB18 /* FourthViewController.swift in Sources */ = {isa = PBXBuildFile; fileRef = 3D21398824A9D5F50057BB18 /* FourthViewController.swift */; };
		3D21398B24A9D5F50057BB18 /* FourthViewController.xib in Resources */ = {isa = PBXBuildFile; fileRef = 3D21398924A9D5F50057BB18 /* FourthViewController.xib */; };
		3D21398D24A9D6080057BB18 /* ParentViewController.swift in Sources */ = {isa = PBXBuildFile; fileRef = 3D21398C24A9D6080057BB18 /* ParentViewController.swift */; };
		3D6B181524A9EFB400261CFA /* View.xib in Resources */ = {isa = PBXBuildFile; fileRef = 3D6B181424A9EFB400261CFA /* View.xib */; };
		3D6B181824AA139B00261CFA /* ViewExtensions.swift in Sources */ = {isa = PBXBuildFile; fileRef = 3D6B181724AA139B00261CFA /* ViewExtensions.swift */; };
		3D6B181C24AA16BB00261CFA /* ItemCell.swift in Sources */ = {isa = PBXBuildFile; fileRef = 3D6B181A24AA16BB00261CFA /* ItemCell.swift */; };
		3D6B181D24AA16BB00261CFA /* ItemCell.xib in Resources */ = {isa = PBXBuildFile; fileRef = 3D6B181B24AA16BB00261CFA /* ItemCell.xib */; };
/* End PBXBuildFile section */

/* Begin PBXFileReference section */
		3D21395F24A9D3670057BB18 /* CustomTabBar.app */ = {isa = PBXFileReference; explicitFileType = wrapper.application; includeInIndex = 0; path = CustomTabBar.app; sourceTree = BUILT_PRODUCTS_DIR; };
		3D21396224A9D3670057BB18 /* AppDelegate.swift */ = {isa = PBXFileReference; lastKnownFileType = sourcecode.swift; path = AppDelegate.swift; sourceTree = "<group>"; };
		3D21396424A9D3670057BB18 /* TabBarController.swift */ = {isa = PBXFileReference; lastKnownFileType = sourcecode.swift; path = TabBarController.swift; sourceTree = "<group>"; };
		3D21396924A9D36A0057BB18 /* Assets.xcassets */ = {isa = PBXFileReference; lastKnownFileType = folder.assetcatalog; path = Assets.xcassets; sourceTree = "<group>"; };
		3D21396C24A9D36A0057BB18 /* Base */ = {isa = PBXFileReference; lastKnownFileType = file.storyboard; name = Base; path = Base.lproj/LaunchScreen.storyboard; sourceTree = "<group>"; };
		3D21396E24A9D36A0057BB18 /* Info.plist */ = {isa = PBXFileReference; lastKnownFileType = text.plist.xml; path = Info.plist; sourceTree = "<group>"; };
		3D21397C24A9D5D80057BB18 /* FirstViewController.swift */ = {isa = PBXFileReference; lastKnownFileType = sourcecode.swift; path = FirstViewController.swift; sourceTree = "<group>"; };
		3D21397D24A9D5D80057BB18 /* FirstViewController.xib */ = {isa = PBXFileReference; lastKnownFileType = file.xib; path = FirstViewController.xib; sourceTree = "<group>"; };
		3D21398024A9D5E10057BB18 /* SecondViewController.swift */ = {isa = PBXFileReference; lastKnownFileType = sourcecode.swift; path = SecondViewController.swift; sourceTree = "<group>"; };
		3D21398124A9D5E10057BB18 /* SecondViewController.xib */ = {isa = PBXFileReference; lastKnownFileType = file.xib; path = SecondViewController.xib; sourceTree = "<group>"; };
		3D21398424A9D5EC0057BB18 /* ThirdViewController.swift */ = {isa = PBXFileReference; lastKnownFileType = sourcecode.swift; path = ThirdViewController.swift; sourceTree = "<group>"; };
		3D21398524A9D5EC0057BB18 /* ThirdViewController.xib */ = {isa = PBXFileReference; lastKnownFileType = file.xib; path = ThirdViewController.xib; sourceTree = "<group>"; };
		3D21398824A9D5F50057BB18 /* FourthViewController.swift */ = {isa = PBXFileReference; lastKnownFileType = sourcecode.swift; path = FourthViewController.swift; sourceTree = "<group>"; };
		3D21398924A9D5F50057BB18 /* FourthViewController.xib */ = {isa = PBXFileReference; lastKnownFileType = file.xib; path = FourthViewController.xib; sourceTree = "<group>"; };
		3D21398C24A9D6080057BB18 /* ParentViewController.swift */ = {isa = PBXFileReference; lastKnownFileType = sourcecode.swift; path = ParentViewController.swift; sourceTree = "<group>"; };
		3D6B181424A9EFB400261CFA /* View.xib */ = {isa = PBXFileReference; lastKnownFileType = file.xib; path = View.xib; sourceTree = "<group>"; };
		3D6B181724AA139B00261CFA /* ViewExtensions.swift */ = {isa = PBXFileReference; lastKnownFileType = sourcecode.swift; path = ViewExtensions.swift; sourceTree = "<group>"; };
		3D6B181A24AA16BB00261CFA /* ItemCell.swift */ = {isa = PBXFileReference; lastKnownFileType = sourcecode.swift; path = ItemCell.swift; sourceTree = "<group>"; };
		3D6B181B24AA16BB00261CFA /* ItemCell.xib */ = {isa = PBXFileReference; lastKnownFileType = file.xib; path = ItemCell.xib; sourceTree = "<group>"; };
/* End PBXFileReference section */

/* Begin PBXFrameworksBuildPhase section */
		3D21395C24A9D3670057BB18 /* Frameworks */ = {
			isa = PBXFrameworksBuildPhase;
			buildActionMask = 2147483647;
			files = (
			);
			runOnlyForDeploymentPostprocessing = 0;
		};
/* End PBXFrameworksBuildPhase section */

/* Begin PBXGroup section */
		3D21395624A9D3670057BB18 = {
			isa = PBXGroup;
			children = (
				3D21396124A9D3670057BB18 /* CustomTabBar */,
				3D21396024A9D3670057BB18 /* Products */,
			);
			sourceTree = "<group>";
		};
		3D21396024A9D3670057BB18 /* Products */ = {
			isa = PBXGroup;
			children = (
				3D21395F24A9D3670057BB18 /* CustomTabBar.app */,
			);
			name = Products;
			sourceTree = "<group>";
		};
		3D21396124A9D3670057BB18 /* CustomTabBar */ = {
			isa = PBXGroup;
			children = (
				3D6B181924AA16A700261CFA /* Cell */,
				3D6B181624AA138E00261CFA /* Extension */,
				3D21397424A9D55C0057BB18 /* TabBar */,
				3D21396224A9D3670057BB18 /* AppDelegate.swift */,
				3D21396924A9D36A0057BB18 /* Assets.xcassets */,
				3D21396B24A9D36A0057BB18 /* LaunchScreen.storyboard */,
				3D21396E24A9D36A0057BB18 /* Info.plist */,
			);
			path = CustomTabBar;
			sourceTree = "<group>";
		};
		3D21397424A9D55C0057BB18 /* TabBar */ = {
			isa = PBXGroup;
			children = (
				3D21397724A9D5920057BB18 /* Scene */,
				3D21396424A9D3670057BB18 /* TabBarController.swift */,
				3D6B181424A9EFB400261CFA /* View.xib */,
			);
			path = TabBar;
			sourceTree = "<group>";
		};
		3D21397724A9D5920057BB18 /* Scene */ = {
			isa = PBXGroup;
			children = (
				3D21397824A9D5A70057BB18 /* First */,
				3D21397924A9D5AF0057BB18 /* Second */,
				3D21397A24A9D5B40057BB18 /* Third */,
				3D21397B24A9D5B80057BB18 /* Fourth */,
				3D21398C24A9D6080057BB18 /* ParentViewController.swift */,
			);
			path = Scene;
			sourceTree = "<group>";
		};
		3D21397824A9D5A70057BB18 /* First */ = {
			isa = PBXGroup;
			children = (
				3D21397C24A9D5D80057BB18 /* FirstViewController.swift */,
				3D21397D24A9D5D80057BB18 /* FirstViewController.xib */,
			);
			path = First;
			sourceTree = "<group>";
		};
		3D21397924A9D5AF0057BB18 /* Second */ = {
			isa = PBXGroup;
			children = (
				3D21398024A9D5E10057BB18 /* SecondViewController.swift */,
				3D21398124A9D5E10057BB18 /* SecondViewController.xib */,
			);
			path = Second;
			sourceTree = "<group>";
		};
		3D21397A24A9D5B40057BB18 /* Third */ = {
			isa = PBXGroup;
			children = (
				3D21398424A9D5EC0057BB18 /* ThirdViewController.swift */,
				3D21398524A9D5EC0057BB18 /* ThirdViewController.xib */,
			);
			path = Third;
			sourceTree = "<group>";
		};
		3D21397B24A9D5B80057BB18 /* Fourth */ = {
			isa = PBXGroup;
			children = (
				3D21398824A9D5F50057BB18 /* FourthViewController.swift */,
				3D21398924A9D5F50057BB18 /* FourthViewController.xib */,
			);
			path = Fourth;
			sourceTree = "<group>";
		};
		3D6B181624AA138E00261CFA /* Extension */ = {
			isa = PBXGroup;
			children = (
				3D6B181724AA139B00261CFA /* ViewExtensions.swift */,
			);
			path = Extension;
			sourceTree = "<group>";
		};
		3D6B181924AA16A700261CFA /* Cell */ = {
			isa = PBXGroup;
			children = (
				3D6B181A24AA16BB00261CFA /* ItemCell.swift */,
				3D6B181B24AA16BB00261CFA /* ItemCell.xib */,
			);
			path = Cell;
			sourceTree = "<group>";
		};
/* End PBXGroup section */

/* Begin PBXNativeTarget section */
		3D21395E24A9D3670057BB18 /* CustomTabBar */ = {
			isa = PBXNativeTarget;
			buildConfigurationList = 3D21397124A9D36A0057BB18 /* Build configuration list for PBXNativeTarget "CustomTabBar" */;
			buildPhases = (
				3D21395B24A9D3670057BB18 /* Sources */,
				3D21395C24A9D3670057BB18 /* Frameworks */,
				3D21395D24A9D3670057BB18 /* Resources */,
			);
			buildRules = (
			);
			dependencies = (
			);
			name = CustomTabBar;
			productName = CustomTabBar;
			productReference = 3D21395F24A9D3670057BB18 /* CustomTabBar.app */;
			productType = "com.apple.product-type.application";
		};
/* End PBXNativeTarget section */

/* Begin PBXProject section */
		3D21395724A9D3670057BB18 /* Project object */ = {
			isa = PBXProject;
			attributes = {
				LastSwiftUpdateCheck = 1030;
				LastUpgradeCheck = 1030;
				ORGANIZATIONNAME = william;
				TargetAttributes = {
					3D21395E24A9D3670057BB18 = {
						CreatedOnToolsVersion = 10.3;
					};
				};
			};
			buildConfigurationList = 3D21395A24A9D3670057BB18 /* Build configuration list for PBXProject "CustomTabBar" */;
			compatibilityVersion = "Xcode 9.3";
			developmentRegion = en;
			hasScannedForEncodings = 0;
			knownRegions = (
				en,
				Base,
			);
			mainGroup = 3D21395624A9D3670057BB18;
			productRefGroup = 3D21396024A9D3670057BB18 /* Products */;
			projectDirPath = "";
			projectRoot = "";
			targets = (
				3D21395E24A9D3670057BB18 /* CustomTabBar */,
			);
		};
/* End PBXProject section */

/* Begin PBXResourcesBuildPhase section */
		3D21395D24A9D3670057BB18 /* Resources */ = {
			isa = PBXResourcesBuildPhase;
			buildActionMask = 2147483647;
			files = (
				3D6B181524A9EFB400261CFA /* View.xib in Resources */,
				3D21398324A9D5E10057BB18 /* SecondViewController.xib in Resources */,
				3D21396D24A9D36A0057BB18 /* LaunchScreen.storyboard in Resources */,
				3D21397F24A9D5D80057BB18 /* FirstViewController.xib in Resources */,
				3D6B181D24AA16BB00261CFA /* ItemCell.xib in Resources */,
				3D21398724A9D5EC0057BB18 /* ThirdViewController.xib in Resources */,
				3D21398B24A9D5F50057BB18 /* FourthViewController.xib in Resources */,
				3D21396A24A9D36A0057BB18 /* Assets.xcassets in Resources */,
			);
			runOnlyForDeploymentPostprocessing = 0;
		};
/* End PBXResourcesBuildPhase section */

/* Begin PBXSourcesBuildPhase section */
		3D21395B24A9D3670057BB18 /* Sources */ = {
			isa = PBXSourcesBuildPhase;
			buildActionMask = 2147483647;
			files = (
				3D21398A24A9D5F50057BB18 /* FourthViewController.swift in Sources */,
				3D21398224A9D5E10057BB18 /* SecondViewController.swift in Sources */,
				3D6B181C24AA16BB00261CFA /* ItemCell.swift in Sources */,
				3D6B181824AA139B00261CFA /* ViewExtensions.swift in Sources */,
				3D21397E24A9D5D80057BB18 /* FirstViewController.swift in Sources */,
				3D21398D24A9D6080057BB18 /* ParentViewController.swift in Sources */,
				3D21398624A9D5EC0057BB18 /* ThirdViewController.swift in Sources */,
				3D21396524A9D3670057BB18 /* TabBarController.swift in Sources */,
				3D21396324A9D3670057BB18 /* AppDelegate.swift in Sources */,
			);
			runOnlyForDeploymentPostprocessing = 0;
		};
/* End PBXSourcesBuildPhase section */

/* Begin PBXVariantGroup section */
		3D21396B24A9D36A0057BB18 /* LaunchScreen.storyboard */ = {
			isa = PBXVariantGroup;
			children = (
				3D21396C24A9D36A0057BB18 /* Base */,
			);
			name = LaunchScreen.storyboard;
			sourceTree = "<group>";
		};
/* End PBXVariantGroup section */

/* Begin XCBuildConfiguration section */
		3D21396F24A9D36A0057BB18 /* Debug */ = {
			isa = XCBuildConfiguration;
			buildSettings = {
				ALWAYS_SEARCH_USER_PATHS = NO;
				CLANG_ANALYZER_NONNULL = YES;
				CLANG_ANALYZER_NUMBER_OBJECT_CONVERSION = YES_AGGRESSIVE;
				CLANG_CXX_LANGUAGE_STANDARD = "gnu++14";
				CLANG_CXX_LIBRARY = "libc++";
				CLANG_ENABLE_MODULES = YES;
				CLANG_ENABLE_OBJC_ARC = YES;
				CLANG_ENABLE_OBJC_WEAK = YES;
				CLANG_WARN_BLOCK_CAPTURE_AUTORELEASING = YES;
				CLANG_WARN_BOOL_CONVERSION = YES;
				CLANG_WARN_COMMA = YES;
				CLANG_WARN_CONSTANT_CONVERSION = YES;
				CLANG_WARN_DEPRECATED_OBJC_IMPLEMENTATIONS = YES;
				CLANG_WARN_DIRECT_OBJC_ISA_USAGE = YES_ERROR;
				CLANG_WARN_DOCUMENTATION_COMMENTS = YES;
				CLANG_WARN_EMPTY_BODY = YES;
				CLANG_WARN_ENUM_CONVERSION = YES;
				CLANG_WARN_INFINITE_RECURSION = YES;
				CLANG_WARN_INT_CONVERSION = YES;
				CLANG_WARN_NON_LITERAL_NULL_CONVERSION = YES;
				CLANG_WARN_OBJC_IMPLICIT_RETAIN_SELF = YES;
				CLANG_WARN_OBJC_LITERAL_CONVERSION = YES;
				CLANG_WARN_OBJC_ROOT_CLASS = YES_ERROR;
				CLANG_WARN_RANGE_LOOP_ANALYSIS = YES;
				CLANG_WARN_STRICT_PROTOTYPES = YES;
				CLANG_WARN_SUSPICIOUS_MOVE = YES;
				CLANG_WARN_UNGUARDED_AVAILABILITY = YES_AGGRESSIVE;
				CLANG_WARN_UNREACHABLE_CODE = YES;
				CLANG_WARN__DUPLICATE_METHOD_MATCH = YES;
				CODE_SIGN_IDENTITY = "iPhone Developer";
				COPY_PHASE_STRIP = NO;
				DEBUG_INFORMATION_FORMAT = dwarf;
				ENABLE_STRICT_OBJC_MSGSEND = YES;
				ENABLE_TESTABILITY = YES;
				GCC_C_LANGUAGE_STANDARD = gnu11;
				GCC_DYNAMIC_NO_PIC = NO;
				GCC_NO_COMMON_BLOCKS = YES;
				GCC_OPTIMIZATION_LEVEL = 0;
				GCC_PREPROCESSOR_DEFINITIONS = (
					"DEBUG=1",
					"$(inherited)",
				);
				GCC_WARN_64_TO_32_BIT_CONVERSION = YES;
				GCC_WARN_ABOUT_RETURN_TYPE = YES_ERROR;
				GCC_WARN_UNDECLARED_SELECTOR = YES;
				GCC_WARN_UNINITIALIZED_AUTOS = YES_AGGRESSIVE;
				GCC_WARN_UNUSED_FUNCTION = YES;
				GCC_WARN_UNUSED_VARIABLE = YES;
				IPHONEOS_DEPLOYMENT_TARGET = 12.0;
				MTL_ENABLE_DEBUG_INFO = INCLUDE_SOURCE;
				MTL_FAST_MATH = YES;
				ONLY_ACTIVE_ARCH = YES;
				SDKROOT = iphoneos;
				SWIFT_ACTIVE_COMPILATION_CONDITIONS = DEBUG;
				SWIFT_OPTIMIZATION_LEVEL = "-Onone";
			};
			name = Debug;
		};
		3D21397024A9D36A0057BB18 /* Release */ = {
			isa = XCBuildConfiguration;
			buildSettings = {
				ALWAYS_SEARCH_USER_PATHS = NO;
				CLANG_ANALYZER_NONNULL = YES;
				CLANG_ANALYZER_NUMBER_OBJECT_CONVERSION = YES_AGGRESSIVE;
				CLANG_CXX_LANGUAGE_STANDARD = "gnu++14";
				CLANG_CXX_LIBRARY = "libc++";
				CLANG_ENABLE_MODULES = YES;
				CLANG_ENABLE_OBJC_ARC = YES;
				CLANG_ENABLE_OBJC_WEAK = YES;
				CLANG_WARN_BLOCK_CAPTURE_AUTORELEASING = YES;
				CLANG_WARN_BOOL_CONVERSION = YES;
				CLANG_WARN_COMMA = YES;
				CLANG_WARN_CONSTANT_CONVERSION = YES;
				CLANG_WARN_DEPRECATED_OBJC_IMPLEMENTATIONS = YES;
				CLANG_WARN_DIRECT_OBJC_ISA_USAGE = YES_ERROR;
				CLANG_WARN_DOCUMENTATION_COMMENTS = YES;
				CLANG_WARN_EMPTY_BODY = YES;
				CLANG_WARN_ENUM_CONVERSION = YES;
				CLANG_WARN_INFINITE_RECURSION = YES;
				CLANG_WARN_INT_CONVERSION = YES;
				CLANG_WARN_NON_LITERAL_NULL_CONVERSION = YES;
				CLANG_WARN_OBJC_IMPLICIT_RETAIN_SELF = YES;
				CLANG_WARN_OBJC_LITERAL_CONVERSION = YES;
				CLANG_WARN_OBJC_ROOT_CLASS = YES_ERROR;
				CLANG_WARN_RANGE_LOOP_ANALYSIS = YES;
				CLANG_WARN_STRICT_PROTOTYPES = YES;
				CLANG_WARN_SUSPICIOUS_MOVE = YES;
				CLANG_WARN_UNGUARDED_AVAILABILITY = YES_AGGRESSIVE;
				CLANG_WARN_UNREACHABLE_CODE = YES;
				CLANG_WARN__DUPLICATE_METHOD_MATCH = YES;
				CODE_SIGN_IDENTITY = "iPhone Developer";
				COPY_PHASE_STRIP = NO;
				DEBUG_INFORMATION_FORMAT = "dwarf-with-dsym";
				ENABLE_NS_ASSERTIONS = NO;
				ENABLE_STRICT_OBJC_MSGSEND = YES;
				GCC_C_LANGUAGE_STANDARD = gnu11;
				GCC_NO_COMMON_BLOCKS = YES;
				GCC_WARN_64_TO_32_BIT_CONVERSION = YES;
				GCC_WARN_ABOUT_RETURN_TYPE = YES_ERROR;
				GCC_WARN_UNDECLARED_SELECTOR = YES;
				GCC_WARN_UNINITIALIZED_AUTOS = YES_AGGRESSIVE;
				GCC_WARN_UNUSED_FUNCTION = YES;
				GCC_WARN_UNUSED_VARIABLE = YES;
				IPHONEOS_DEPLOYMENT_TARGET = 12.0;
				MTL_ENABLE_DEBUG_INFO = NO;
				MTL_FAST_MATH = YES;
				SDKROOT = iphoneos;
				SWIFT_COMPILATION_MODE = wholemodule;
				SWIFT_OPTIMIZATION_LEVEL = "-O";
				VALIDATE_PRODUCT = YES;
			};
			name = Release;
		};
		3D21397224A9D36A0057BB18 /* Debug */ = {
			isa = XCBuildConfiguration;
			buildSettings = {
				ASSETCATALOG_COMPILER_APPICON_NAME = AppIcon;
				CODE_SIGN_STYLE = Automatic;
				DEVELOPMENT_TEAM = BY8P5XC76R;
				INFOPLIST_FILE = CustomTabBar/Info.plist;
				LD_RUNPATH_SEARCH_PATHS = (
					"$(inherited)",
					"@executable_path/Frameworks",
				);
				PRODUCT_BUNDLE_IDENTIFIER = com.william.CustomTabBar;
				PRODUCT_NAME = "$(TARGET_NAME)";
				SWIFT_VERSION = 5.0;
				TARGETED_DEVICE_FAMILY = "1,2";
			};
			name = Debug;
		};
		3D21397324A9D36A0057BB18 /* Release */ = {
			isa = XCBuildConfiguration;
			buildSettings = {
				ASSETCATALOG_COMPILER_APPICON_NAME = AppIcon;
				CODE_SIGN_STYLE = Automatic;
				DEVELOPMENT_TEAM = BY8P5XC76R;
				INFOPLIST_FILE = CustomTabBar/Info.plist;
				LD_RUNPATH_SEARCH_PATHS = (
					"$(inherited)",
					"@executable_path/Frameworks",
				);
				PRODUCT_BUNDLE_IDENTIFIER = com.william.CustomTabBar;
				PRODUCT_NAME = "$(TARGET_NAME)";
				SWIFT_VERSION = 5.0;
				TARGETED_DEVICE_FAMILY = "1,2";
			};
			name = Release;
		};
/* End XCBuildConfiguration section */

/* Begin XCConfigurationList section */
		3D21395A24A9D3670057BB18 /* Build configuration list for PBXProject "CustomTabBar" */ = {
			isa = XCConfigurationList;
			buildConfigurations = (
				3D21396F24A9D36A0057BB18 /* Debug */,
				3D21397024A9D36A0057BB18 /* Release */,
			);
			defaultConfigurationIsVisible = 0;
			defaultConfigurationName = Release;
		};
		3D21397124A9D36A0057BB18 /* Build configuration list for PBXNativeTarget "CustomTabBar" */ = {
			isa = XCConfigurationList;
			buildConfigurations = (
				3D21397224A9D36A0057BB18 /* Debug */,
				3D21397324A9D36A0057BB18 /* Release */,
			);
			defaultConfigurationIsVisible = 0;
			defaultConfigurationName = Release;
		};
/* End XCConfigurationList section */
	};
	rootObject = 3D21395724A9D3670057BB18 /* Project object */;
}
